
Microsoft Visual Studio Solution File, Format Version 12.00
# Visual Studio Version 17
VisualStudioVersion = 17.14.36119.2 d17.14
MinimumVisualStudioVersion = 10.0.40219.1
Project("{FAE04EC0-301F-11D3-BF4B-00C04F79EFBC}") = "DataBase_Web", "DataBase_Web\DataBase_Web.csproj", "{BF115F9D-A12D-44CB-B880-308BBC0FD91F}"
EndProject
Global
	GlobalSection(SolutionConfigurationPlatforms) = preSolution
		Debug|Any CPU = Debug|Any CPU
		Release|Any CPU = Release|Any CPU
	EndGlobalSection
	GlobalSection(ProjectConfigurationPlatforms) = postSolution
		{BF115F9D-A12D-44CB-B880-308BBC0FD91F}.Debug|Any CPU.ActiveCfg = Debug|Any CPU
		{BF115F9D-A12D-44CB-B880-308BBC0FD91F}.Debug|Any CPU.Build.0 = Debug|Any CPU
		{BF115F9D-A12D-44CB-B880-308BBC0FD91F}.Release|Any CPU.ActiveCfg = Release|Any CPU
		{BF115F9D-A12D-44CB-B880-308BBC0FD91F}.Release|Any CPU.Build.0 = Release|Any CPU
	EndGlobalSection
	GlobalSection(SolutionProperties) = preSolution
		HideSolutionNode = FALSE
	EndGlobalSection
	GlobalSection(ExtensibilityGlobals) = postSolution
		SolutionGuid = {F505D8A5-6B8D-44A1-8432-8F6E9001DB72}
	EndGlobalSection
EndGlobal
